
Microsoft Visual Studio Solution File, Format Version 12.00
# Visual Studio Version 17
VisualStudioVersion = 17.3.32811.315
MinimumVisualStudioVersion = 10.0.40219.1
Project("{FAE04EC0-301F-11D3-BF4B-00C04F79EFBC}") = "ESTACIONAMIENTO-D", "ESTACIONAMIENTO-D\ESTACIONAMIENTO-D.csproj", "{88FAA0C2-1563-4D95-B8B3-8D3A0D475EB7}"
EndProject
Global
	GlobalSection(SolutionConfigurationPlatforms) = preSolution
		Debug|Any CPU = Debug|Any CPU
		Release|Any CPU = Release|Any CPU
	EndGlobalSection
	GlobalSection(ProjectConfigurationPlatforms) = postSolution
		{88FAA0C2-1563-4D95-B8B3-8D3A0D475EB7}.Debug|Any CPU.ActiveCfg = Debug|Any CPU
		{88FAA0C2-1563-4D95-B8B3-8D3A0D475EB7}.Debug|Any CPU.Build.0 = Debug|Any CPU
		{88FAA0C2-1563-4D95-B8B3-8D3A0D475EB7}.Release|Any CPU.ActiveCfg = Release|Any CPU
		{88FAA0C2-1563-4D95-B8B3-8D3A0D475EB7}.Release|Any CPU.Build.0 = Release|Any CPU
	EndGlobalSection
	GlobalSection(SolutionProperties) = preSolution
		HideSolutionNode = FALSE
	EndGlobalSection
	GlobalSection(ExtensibilityGlobals) = postSolution
		SolutionGuid = {1DAB23F0-1447-4E3D-8187-A52281FDB717}
	EndGlobalSection
EndGlobal
